// !$*UTF8*$!
{
	archiveVersion = 1;
	classes = {
	};
	objectVersion = 46;
	objects = {

/* Begin PBXBuildFile section */
		3E8F397D1B849C7600A3C354 /* main.m in Sources */ = {isa = PBXBuildFile; fileRef = 3E8F397C1B849C7600A3C354 /* main.m */; };
		3E8F39801B849C7600A3C354 /* AppDelegate.m in Sources */ = {isa = PBXBuildFile; fileRef = 3E8F397F1B849C7600A3C354 /* AppDelegate.m */; };
		3E8F39831B849C7600A3C354 /* ViewController.m in Sources */ = {isa = PBXBuildFile; fileRef = 3E8F39821B849C7600A3C354 /* ViewController.m */; };
		3E8F39861B849C7600A3C354 /* Main.storyboard in Resources */ = {isa = PBXBuildFile; fileRef = 3E8F39841B849C7600A3C354 /* Main.storyboard */; };
		3E8F39881B849C7600A3C354 /* Images.xcassets in Resources */ = {isa = PBXBuildFile; fileRef = 3E8F39871B849C7600A3C354 /* Images.xcassets */; };
		3E8F398B1B849C7600A3C354 /* LaunchScreen.xib in Resources */ = {isa = PBXBuildFile; fileRef = 3E8F39891B849C7600A3C354 /* LaunchScreen.xib */; };
		3E8F39971B849C7600A3C354 /* SelectedMoreTests.m in Sources */ = {isa = PBXBuildFile; fileRef = 3E8F39961B849C7600A3C354 /* SelectedMoreTests.m */; };
/* End PBXBuildFile section */

/* Begin PBXContainerItemProxy section */
		3E8F39911B849C7600A3C354 /* PBXContainerItemProxy */ = {
			isa = PBXContainerItemProxy;
			containerPortal = 3E8F396F1B849C7600A3C354 /* Project object */;
			proxyType = 1;
			remoteGlobalIDString = 3E8F39761B849C7600A3C354;
			remoteInfo = SelectedMore;
		};
/* End PBXContainerItemProxy section */

/* Begin PBXFileReference section */
		3E8F39771B849C7600A3C354 /* SelectedMore.app */ = {isa = PBXFileReference; explicitFileType = wrapper.application; includeInIndex = 0; path = SelectedMore.app; sourceTree = BUILT_PRODUCTS_DIR; };
		3E8F397B1B849C7600A3C354 /* Info.plist */ = {isa = PBXFileReference; lastKnownFileType = text.plist.xml; path = Info.plist; sourceTree = "<group>"; };
		3E8F397C1B849C7600A3C354 /* main.m */ = {isa = PBXFileReference; lastKnownFileType = sourcecode.c.objc; path = main.m; sourceTree = "<group>"; };
		3E8F397E1B849C7600A3C354 /* AppDelegate.h */ = {isa = PBXFileReference; lastKnownFileType = sourcecode.c.h; path = AppDelegate.h; sourceTree = "<group>"; };
		3E8F397F1B849C7600A3C354 /* AppDelegate.m */ = {isa = PBXFileReference; lastKnownFileType = sourcecode.c.objc; path = AppDelegate.m; sourceTree = "<group>"; };
		3E8F39811B849C7600A3C354 /* ViewController.h */ = {isa = PBXFileReference; lastKnownFileType = sourcecode.c.h; path = ViewController.h; sourceTree = "<group>"; };
		3E8F39821B849C7600A3C354 /* ViewController.m */ = {isa = PBXFileReference; lastKnownFileType = sourcecode.c.objc; path = ViewController.m; sourceTree = "<group>"; };
		3E8F39851B849C7600A3C354 /* Base */ = {isa = PBXFileReference; lastKnownFileType = file.storyboard; name = Base; path = Base.lproj/Main.storyboard; sourceTree = "<group>"; };
		3E8F39871B849C7600A3C354 /* Images.xcassets */ = {isa = PBXFileReference; lastKnownFileType = folder.assetcatalog; path = Images.xcassets; sourceTree = "<group>"; };
		3E8F398A1B849C7600A3C354 /* Base */ = {isa = PBXFileReference; lastKnownFileType = file.xib; name = Base; path = Base.lproj/LaunchScreen.xib; sourceTree = "<group>"; };
		3E8F39901B849C7600A3C354 /* SelectedMoreTests.xctest */ = {isa = PBXFileReference; explicitFileType = wrapper.cfbundle; includeInIndex = 0; path = SelectedMoreTests.xctest; sourceTree = BUILT_PRODUCTS_DIR; };
		3E8F39951B849C7600A3C354 /* Info.plist */ = {isa = PBXFileReference; lastKnownFileType = text.plist.xml; path = Info.plist; sourceTree = "<group>"; };
		3E8F39961B849C7600A3C354 /* SelectedMoreTests.m */ = {isa = PBXFileReference; lastKnownFileType = sourcecode.c.objc; path = SelectedMoreTests.m; sourceTree = "<group>"; };
/* End PBXFileReference section */

/* Begin PBXFrameworksBuildPhase section */
		3E8F39741B849C7600A3C354 /* Frameworks */ = {
			isa = PBXFrameworksBuildPhase;
			buildActionMask = 2147483647;
			files = (
			);
			runOnlyForDeploymentPostprocessing = 0;
		};
		3E8F398D1B849C7600A3C354 /* Frameworks */ = {
			isa = PBXFrameworksBuildPhase;
			buildActionMask = 2147483647;
			files = (
			);
			runOnlyForDeploymentPostprocessing = 0;
		};
/* End PBXFrameworksBuildPhase section */

/* Begin PBXGroup section */
		3E8F396E1B849C7600A3C354 = {
			isa = PBXGroup;
			children = (
				3E8F39791B849C7600A3C354 /* SelectedMore */,
				3E8F39931B849C7600A3C354 /* SelectedMoreTests */,
				3E8F39781B849C7600A3C354 /* Products */,
			);
			sourceTree = "<group>";
		};
		3E8F39781B849C7600A3C354 /* Products */ = {
			isa = PBXGroup;
			children = (
				3E8F39771B849C7600A3C354 /* SelectedMore.app */,
				3E8F39901B849C7600A3C354 /* SelectedMoreTests.xctest */,
			);
			name = Products;
			sourceTree = "<group>";
		};
		3E8F39791B849C7600A3C354 /* SelectedMore */ = {
			isa = PBXGroup;
			children = (
				3E8F397E1B849C7600A3C354 /* AppDelegate.h */,
				3E8F397F1B849C7600A3C354 /* AppDelegate.m */,
				3E8F39811B849C7600A3C354 /* ViewController.h */,
				3E8F39821B849C7600A3C354 /* ViewController.m */,
				3E8F39841B849C7600A3C354 /* Main.storyboard */,
				3E8F39871B849C7600A3C354 /* Images.xcassets */,
				3E8F39891B849C7600A3C354 /* LaunchScreen.xib */,
				3E8F397A1B849C7600A3C354 /* Supporting Files */,
			);
			path = SelectedMore;
			sourceTree = "<group>";
		};
		3E8F397A1B849C7600A3C354 /* Supporting Files */ = {
			isa = PBXGroup;
			children = (
				3E8F397B1B849C7600A3C354 /* Info.plist */,
				3E8F397C1B849C7600A3C354 /* main.m */,
			);
			name = "Supporting Files";
			sourceTree = "<group>";
		};
		3E8F39931B849C7600A3C354 /* SelectedMoreTests */ = {
			isa = PBXGroup;
			children = (
				3E8F39961B849C7600A3C354 /* SelectedMoreTests.m */,
				3E8F39941B849C7600A3C354 /* Supporting Files */,
			);
			path = SelectedMoreTests;
			sourceTree = "<group>";
		};
		3E8F39941B849C7600A3C354 /* Supporting Files */ = {
			isa = PBXGroup;
			children = (
				3E8F39951B849C7600A3C354 /* Info.plist */,
			);
			name = "Supporting Files";
			sourceTree = "<group>";
		};
/* End PBXGroup section */

/* Begin PBXNativeTarget section */
		3E8F39761B849C7600A3C354 /* SelectedMore */ = {
			isa = PBXNativeTarget;
			buildConfigurationList = 3E8F399A1B849C7600A3C354 /* Build configuration list for PBXNativeTarget "SelectedMore" */;
			buildPhases = (
				3E8F39731B849C7600A3C354 /* Sources */,
				3E8F39741B849C7600A3C354 /* Frameworks */,
				3E8F39751B849C7600A3C354 /* Resources */,
			);
			buildRules = (
			);
			dependencies = (
			);
			name = SelectedMore;
			productName = SelectedMore;
			productReference = 3E8F39771B849C7600A3C354 /* SelectedMore.app */;
			productType = "com.apple.product-type.application";
		};
		3E8F398F1B849C7600A3C354 /* SelectedMoreTests */ = {
			isa = PBXNativeTarget;
			buildConfigurationList = 3E8F399D1B849C7600A3C354 /* Build configuration list for PBXNativeTarget "SelectedMoreTests" */;
			buildPhases = (
				3E8F398C1B849C7600A3C354 /* Sources */,
				3E8F398D1B849C7600A3C354 /* Frameworks */,
				3E8F398E1B849C7600A3C354 /* Resources */,
			);
			buildRules = (
			);
			dependencies = (
				3E8F39921B849C7600A3C354 /* PBXTargetDependency */,
			);
			name = SelectedMoreTests;
			productName = SelectedMoreTests;
			productReference = 3E8F39901B849C7600A3C354 /* SelectedMoreTests.xctest */;
			productType = "com.apple.product-type.bundle.unit-test";
		};
/* End PBXNativeTarget section */

/* Begin PBXProject section */
		3E8F396F1B849C7600A3C354 /* Project object */ = {
			isa = PBXProject;
			attributes = {
				LastUpgradeCheck = 0640;
				ORGANIZATIONNAME = lunarboat;
				TargetAttributes = {
					3E8F39761B849C7600A3C354 = {
						CreatedOnToolsVersion = 6.4;
					};
					3E8F398F1B849C7600A3C354 = {
						CreatedOnToolsVersion = 6.4;
						TestTargetID = 3E8F39761B849C7600A3C354;
					};
				};
			};
			buildConfigurationList = 3E8F39721B849C7600A3C354 /* Build configuration list for PBXProject "SelectedMore" */;
			compatibilityVersion = "Xcode 3.2";
			developmentRegion = English;
			hasScannedForEncodings = 0;
			knownRegions = (
				en,
				Base,
			);
			mainGroup = 3E8F396E1B849C7600A3C354;
			productRefGroup = 3E8F39781B849C7600A3C354 /* Products */;
			projectDirPath = "";
			projectRoot = "";
			targets = (
				3E8F39761B849C7600A3C354 /* SelectedMore */,
				3E8F398F1B849C7600A3C354 /* SelectedMoreTests */,
			);
		};
/* End PBXProject section */

/* Begin PBXResourcesBuildPhase section */
		3E8F39751B849C7600A3C354 /* Resources */ = {
			isa = PBXResourcesBuildPhase;
			buildActionMask = 2147483647;
			files = (
				3E8F39861B849C7600A3C354 /* Main.storyboard in Resources */,
				3E8F398B1B849C7600A3C354 /* LaunchScreen.xib in Resources */,
				3E8F39881B849C7600A3C354 /* Images.xcassets in Resources */,
			);
			runOnlyForDeploymentPostprocessing = 0;
		};
		3E8F398E1B849C7600A3C354 /* Resources */ = {
			isa = PBXResourcesBuildPhase;
			buildActionMask = 2147483647;
			files = (
			);
			runOnlyForDeploymentPostprocessing = 0;
		};
/* End PBXResourcesBuildPhase section */

/* Begin PBXSourcesBuildPhase section */
		3E8F39731B849C7600A3C354 /* Sources */ = {
			isa = PBXSourcesBuildPhase;
			buildActionMask = 2147483647;
			files = (
				3E8F39831B849C7600A3C354 /* ViewController.m in Sources */,
				3E8F39801B849C7600A3C354 /* AppDelegate.m in Sources */,
				3E8F397D1B849C7600A3C354 /* main.m in Sources */,
			);
			runOnlyForDeploymentPostprocessing = 0;
		};
		3E8F398C1B849C7600A3C354 /* Sources */ = {
			isa = PBXSourcesBuildPhase;
			buildActionMask = 2147483647;
			files = (
				3E8F39971B849C7600A3C354 /* SelectedMoreTests.m in Sources */,
			);
			runOnlyForDeploymentPostprocessing = 0;
		};
/* End PBXSourcesBuildPhase section */

/* Begin PBXTargetDependency section */
		3E8F39921B849C7600A3C354 /* PBXTargetDependency */ = {
			isa = PBXTargetDependency;
			target = 3E8F39761B849C7600A3C354 /* SelectedMore */;
			targetProxy = 3E8F39911B849C7600A3C354 /* PBXContainerItemProxy */;
		};
/* End PBXTargetDependency section */

/* Begin PBXVariantGroup section */
		3E8F39841B849C7600A3C354 /* Main.storyboard */ = {
			isa = PBXVariantGroup;
			children = (
				3E8F39851B849C7600A3C354 /* Base */,
			);
			name = Main.storyboard;
			sourceTree = "<group>";
		};
		3E8F39891B849C7600A3C354 /* LaunchScreen.xib */ = {
			isa = PBXVariantGroup;
			children = (
				3E8F398A1B849C7600A3C354 /* Base */,
			);
			name = LaunchScreen.xib;
			sourceTree = "<group>";
		};
/* End PBXVariantGroup section */

/* Begin XCBuildConfiguration section */
		3E8F39981B849C7600A3C354 /* Debug */ = {
			isa = XCBuildConfiguration;
			buildSettings = {
				ALWAYS_SEARCH_USER_PATHS = NO;
				CLANG_CXX_LANGUAGE_STANDARD = "gnu++0x";
				CLANG_CXX_LIBRARY = "libc++";
				CLANG_ENABLE_MODULES = YES;
				CLANG_ENABLE_OBJC_ARC = YES;
				CLANG_WARN_BOOL_CONVERSION = YES;
				CLANG_WARN_CONSTANT_CONVERSION = YES;
				CLANG_WARN_DIRECT_OBJC_ISA_USAGE = YES_ERROR;
				CLANG_WARN_EMPTY_BODY = YES;
				CLANG_WARN_ENUM_CONVERSION = YES;
				CLANG_WARN_INT_CONVERSION = YES;
				CLANG_WARN_OBJC_ROOT_CLASS = YES_ERROR;
				CLANG_WARN_UNREACHABLE_CODE = YES;
				CLANG_WARN__DUPLICATE_METHOD_MATCH = YES;
				"CODE_SIGN_IDENTITY[sdk=iphoneos*]" = "iPhone Developer";
				COPY_PHASE_STRIP = NO;
				DEBUG_INFORMATION_FORMAT = "dwarf-with-dsym";
				ENABLE_STRICT_OBJC_MSGSEND = YES;
				GCC_C_LANGUAGE_STANDARD = gnu99;
				GCC_DYNAMIC_NO_PIC = NO;
				GCC_NO_COMMON_BLOCKS = YES;
				GCC_OPTIMIZATION_LEVEL = 0;
				GCC_PREPROCESSOR_DEFINITIONS = (
					"DEBUG=1",
					"$(inherited)",
				);
				GCC_SYMBOLS_PRIVATE_EXTERN = NO;
				GCC_WARN_64_TO_32_BIT_CONVERSION = YES;
				GCC_WARN_ABOUT_RETURN_TYPE = YES_ERROR;
				GCC_WARN_UNDECLARED_SELECTOR = YES;
				GCC_WARN_UNINITIALIZED_AUTOS = YES_AGGRESSIVE;
				GCC_WARN_UNUSED_FUNCTION = YES;
				GCC_WARN_UNUSED_VARIABLE = YES;
				IPHONEOS_DEPLOYMENT_TARGET = 8.4;
				MTL_ENABLE_DEBUG_INFO = YES;
				ONLY_ACTIVE_ARCH = YES;
				SDKROOT = iphoneos;
				TARGETED_DEVICE_FAMILY = "1,2";
			};
			name = Debug;
		};
		3E8F39991B849C7600A3C354 /* Release */ = {
			isa = XCBuildConfiguration;
			buildSettings = {
				ALWAYS_SEARCH_USER_PATHS = NO;
				CLANG_CXX_LANGUAGE_STANDARD = "gnu++0x";
				CLANG_CXX_LIBRARY = "libc++";
				CLANG_ENABLE_MODULES = YES;
				CLANG_ENABLE_OBJC_ARC = YES;
				CLANG_WARN_BOOL_CONVERSION = YES;
				CLANG_WARN_CONSTANT_CONVERSION = YES;
				CLANG_WARN_DIRECT_OBJC_ISA_USAGE = YES_ERROR;
				CLANG_WARN_EMPTY_BODY = YES;
				CLANG_WARN_ENUM_CONVERSION = YES;
				CLANG_WARN_INT_CONVERSION = YES;
				CLANG_WARN_OBJC_ROOT_CLASS = YES_ERROR;
				CLANG_WARN_UNREACHABLE_CODE = YES;
				CLANG_WARN__DUPLICATE_METHOD_MATCH = YES;
				"CODE_SIGN_IDENTITY[sdk=iphoneos*]" = "iPhone Developer";
				COPY_PHASE_STRIP = NO;
				DEBUG_INFORMATION_FORMAT = "dwarf-with-dsym";
				ENABLE_NS_ASSERTIONS = NO;
				ENABLE_STRICT_OBJC_MSGSEND = YES;
				GCC_C_LANGUAGE_STANDARD = gnu99;
				GCC_NO_COMMON_BLOCKS = YES;
				GCC_WARN_64_TO_32_BIT_CONVERSION = YES;
				GCC_WARN_ABOUT_RETURN_TYPE = YES_ERROR;
				GCC_WARN_UNDECLARED_SELECTOR = YES;
				GCC_WARN_UNINITIALIZED_AUTOS = YES_AGGRESSIVE;
				GCC_WARN_UNUSED_FUNCTION = YES;
				GCC_WARN_UNUSED_VARIABLE = YES;
				IPHONEOS_DEPLOYMENT_TARGET = 8.4;
				MTL_ENABLE_DEBUG_INFO = NO;
				SDKROOT = iphoneos;
				TARGETED_DEVICE_FAMILY = "1,2";
				VALIDATE_PRODUCT = YES;
			};
			name = Release;
		};
		3E8F399B1B849C7600A3C354 /* Debug */ = {
			isa = XCBuildConfiguration;
			buildSettings = {
				ASSETCATALOG_COMPILER_APPICON_NAME = AppIcon;
				INFOPLIST_FILE = SelectedMore/Info.plist;
				LD_RUNPATH_SEARCH_PATHS = "$(inherited) @executable_path/Frameworks";
				PRODUCT_NAME = "$(TARGET_NAME)";
			};
			name = Debug;
		};
		3E8F399C1B849C7600A3C354 /* Release */ = {
			isa = XCBuildConfiguration;
			buildSettings = {
				ASSETCATALOG_COMPILER_APPICON_NAME = AppIcon;
				INFOPLIST_FILE = SelectedMore/Info.plist;
				LD_RUNPATH_SEARCH_PATHS = "$(inherited) @executable_path/Frameworks";
				PRODUCT_NAME = "$(TARGET_NAME)";
			};
			name = Release;
		};
		3E8F399E1B849C7600A3C354 /* Debug */ = {
			isa = XCBuildConfiguration;
			buildSettings = {
				BUNDLE_LOADER = "$(TEST_HOST)";
				FRAMEWORK_SEARCH_PATHS = (
					"$(SDKROOT)/Developer/Library/Frameworks",
					"$(inherited)",
				);
				GCC_PREPROCESSOR_DEFINITIONS = (
					"DEBUG=1",
					"$(inherited)",
				);
				INFOPLIST_FILE = SelectedMoreTests/Info.plist;
				LD_RUNPATH_SEARCH_PATHS = "$(inherited) @executable_path/Frameworks @loader_path/Frameworks";
				PRODUCT_NAME = "$(TARGET_NAME)";
				TEST_HOST = "$(BUILT_PRODUCTS_DIR)/SelectedMore.app/SelectedMore";
			};
			name = Debug;
		};
		3E8F399F1B849C7600A3C354 /* Release */ = {
			isa = XCBuildConfiguration;
			buildSettings = {
				BUNDLE_LOADER = "$(TEST_HOST)";
				FRAMEWORK_SEARCH_PATHS = (
					"$(SDKROOT)/Developer/Library/Frameworks",
					"$(inherited)",
				);
				INFOPLIST_FILE = SelectedMoreTests/Info.plist;
				LD_RUNPATH_SEARCH_PATHS = "$(inherited) @executable_path/Frameworks @loader_path/Frameworks";
				PRODUCT_NAME = "$(TARGET_NAME)";
				TEST_HOST = "$(BUILT_PRODUCTS_DIR)/SelectedMore.app/SelectedMore";
			};
			name = Release;
		};
/* End XCBuildConfiguration section */

/* Begin XCConfigurationList section */
		3E8F39721B849C7600A3C354 /* Build configuration list for PBXProject "SelectedMore" */ = {
			isa = XCConfigurationList;
			buildConfigurations = (
				3E8F39981B849C7600A3C354 /* Debug */,
				3E8F39991B849C7600A3C354 /* Release */,
			);
			defaultConfigurationIsVisible = 0;
			defaultConfigurationName = Release;
		};
		3E8F399A1B849C7600A3C354 /* Build configuration list for PBXNativeTarget "SelectedMore" */ = {
			isa = XCConfigurationList;
			buildConfigurations = (
				3E8F399B1B849C7600A3C354 /* Debug */,
				3E8F399C1B849C7600A3C354 /* Release */,
			);
			defaultConfigurationIsVisible = 0;
		};
		3E8F399D1B849C7600A3C354 /* Build configuration list for PBXNativeTarget "SelectedMoreTests" */ = {
			isa = XCConfigurationList;
			buildConfigurations = (
				3E8F399E1B849C7600A3C354 /* Debug */,
				3E8F399F1B849C7600A3C354 /* Release */,
			);
			defaultConfigurationIsVisible = 0;
		};
/* End XCConfigurationList section */
	};
	rootObject = 3E8F396F1B849C7600A3C354 /* Project object */;
}
